
Microsoft Visual Studio Solution File, Format Version 12.00
# Visual Studio Version 16
VisualStudioVersion = 16.0.29505.145
MinimumVisualStudioVersion = 10.0.40219.1
Project("{9A19103F-16F7-4668-BE54-9A1E7A4F7556}") = "FuncApp1", "FuncApp1\FuncApp1.csproj", "{E97A404C-5F56-45FE-BAA8-CB33CACD8845}"
EndProject
Project("{9A19103F-16F7-4668-BE54-9A1E7A4F7556}") = "Common", "Common\Common.csproj", "{C54441DE-60AD-42DE-A155-B5AAB1343710}"
EndProject
Project("{9A19103F-16F7-4668-BE54-9A1E7A4F7556}") = "WebApp1", "WebApp1\WebApp1.csproj", "{DC615DDE-07A2-4D72-A42C-9A1A4DE2823B}"
EndProject
Global
	GlobalSection(SolutionConfigurationPlatforms) = preSolution
		Debug|Any CPU = Debug|Any CPU
		Release|Any CPU = Release|Any CPU
	EndGlobalSection
	GlobalSection(ProjectConfigurationPlatforms) = postSolution
		{E97A404C-5F56-45FE-BAA8-CB33CACD8845}.Debug|Any CPU.ActiveCfg = Debug|Any CPU
		{E97A404C-5F56-45FE-BAA8-CB33CACD8845}.Debug|Any CPU.Build.0 = Debug|Any CPU
		{E97A404C-5F56-45FE-BAA8-CB33CACD8845}.Release|Any CPU.ActiveCfg = Release|Any CPU
		{E97A404C-5F56-45FE-BAA8-CB33CACD8845}.Release|Any CPU.Build.0 = Release|Any CPU
		{C54441DE-60AD-42DE-A155-B5AAB1343710}.Debug|Any CPU.ActiveCfg = Debug|Any CPU
		{C54441DE-60AD-42DE-A155-B5AAB1343710}.Debug|Any CPU.Build.0 = Debug|Any CPU
		{C54441DE-60AD-42DE-A155-B5AAB1343710}.Release|Any CPU.ActiveCfg = Release|Any CPU
		{C54441DE-60AD-42DE-A155-B5AAB1343710}.Release|Any CPU.Build.0 = Release|Any CPU
		{DC615DDE-07A2-4D72-A42C-9A1A4DE2823B}.Debug|Any CPU.ActiveCfg = Debug|Any CPU
		{DC615DDE-07A2-4D72-A42C-9A1A4DE2823B}.Debug|Any CPU.Build.0 = Debug|Any CPU
		{DC615DDE-07A2-4D72-A42C-9A1A4DE2823B}.Release|Any CPU.ActiveCfg = Release|Any CPU
		{DC615DDE-07A2-4D72-A42C-9A1A4DE2823B}.Release|Any CPU.Build.0 = Release|Any CPU
	EndGlobalSection
	GlobalSection(SolutionProperties) = preSolution
		HideSolutionNode = FALSE
	EndGlobalSection
	GlobalSection(ExtensibilityGlobals) = postSolution
		SolutionGuid = {CC05B06A-1BE2-434F-A9DE-0F278C06E27E}
	EndGlobalSection
EndGlobal
